
Microsoft Visual Studio Solution File, Format Version 12.00
# Visual Studio Version 17
VisualStudioVersion = 17.5.33502.453
MinimumVisualStudioVersion = 10.0.40219.1
Project("{FAE04EC0-301F-11D3-BF4B-00C04F79EFBC}") = "ImageApproximater", "ImageApproximater.csproj", "{BC09B5AF-E2B9-4FBE-B125-D1D7B060167B}"
EndProject
Global
	GlobalSection(SolutionConfigurationPlatforms) = preSolution
		Debug|Any CPU = Debug|Any CPU
		Release|Any CPU = Release|Any CPU
	EndGlobalSection
	GlobalSection(ProjectConfigurationPlatforms) = postSolution
		{BC09B5AF-E2B9-4FBE-B125-D1D7B060167B}.Debug|Any CPU.ActiveCfg = Debug|Any CPU
		{BC09B5AF-E2B9-4FBE-B125-D1D7B060167B}.Debug|Any CPU.Build.0 = Debug|Any CPU
		{BC09B5AF-E2B9-4FBE-B125-D1D7B060167B}.Release|Any CPU.ActiveCfg = Release|Any CPU
		{BC09B5AF-E2B9-4FBE-B125-D1D7B060167B}.Release|Any CPU.Build.0 = Release|Any CPU
	EndGlobalSection
	GlobalSection(SolutionProperties) = preSolution
		HideSolutionNode = FALSE
	EndGlobalSection
	GlobalSection(ExtensibilityGlobals) = postSolution
		SolutionGuid = {4CE06953-A675-40FE-AEE0-9D2F99F07E50}
	EndGlobalSection
EndGlobal
